
Microsoft Visual Studio Solution File, Format Version 12.00
# Visual Studio Version 17
VisualStudioVersion = 17.9.34622.214
MinimumVisualStudioVersion = 10.0.40219.1
Project("{FAE04EC0-301F-11D3-BF4B-00C04F79EFBC}") = "C# Enum, Exception", "C# Enum, Exception.csproj", "{69AD9F40-DB30-4E8B-B29B-43858C74F91E}"
EndProject
Project("{FAE04EC0-301F-11D3-BF4B-00C04F79EFBC}") = "Core", "..\Core\Core.csproj", "{FBA43067-2582-4D38-A2DC-F5DD4B78367F}"
EndProject
Global
	GlobalSection(SolutionConfigurationPlatforms) = preSolution
		Debug|Any CPU = Debug|Any CPU
		Release|Any CPU = Release|Any CPU
	EndGlobalSection
	GlobalSection(ProjectConfigurationPlatforms) = postSolution
		{69AD9F40-DB30-4E8B-B29B-43858C74F91E}.Debug|Any CPU.ActiveCfg = Debug|Any CPU
		{69AD9F40-DB30-4E8B-B29B-43858C74F91E}.Debug|Any CPU.Build.0 = Debug|Any CPU
		{69AD9F40-DB30-4E8B-B29B-43858C74F91E}.Release|Any CPU.ActiveCfg = Release|Any CPU
		{69AD9F40-DB30-4E8B-B29B-43858C74F91E}.Release|Any CPU.Build.0 = Release|Any CPU
		{FBA43067-2582-4D38-A2DC-F5DD4B78367F}.Debug|Any CPU.ActiveCfg = Debug|Any CPU
		{FBA43067-2582-4D38-A2DC-F5DD4B78367F}.Debug|Any CPU.Build.0 = Debug|Any CPU
		{FBA43067-2582-4D38-A2DC-F5DD4B78367F}.Release|Any CPU.ActiveCfg = Release|Any CPU
		{FBA43067-2582-4D38-A2DC-F5DD4B78367F}.Release|Any CPU.Build.0 = Release|Any CPU
	EndGlobalSection
	GlobalSection(SolutionProperties) = preSolution
		HideSolutionNode = FALSE
	EndGlobalSection
	GlobalSection(ExtensibilityGlobals) = postSolution
		SolutionGuid = {F8B6975F-E18F-4A93-8AFA-1898B06A90F4}
	EndGlobalSection
EndGlobal
